
Microsoft Visual Studio Solution File, Format Version 12.00
# Visual Studio 15
VisualStudioVersion = 15.0.28010.2046
MinimumVisualStudioVersion = 10.0.40219.1
Project("{FAE04EC0-301F-11D3-BF4B-00C04F79EFBC}") = "RentMovie", "RentMovie\RentMovie.csproj", "{B5AFDCEA-BFF7-4608-A387-31EFD4F7797E}"
EndProject
Global
	GlobalSection(SolutionConfigurationPlatforms) = preSolution
		Debug|Any CPU = Debug|Any CPU
		Release|Any CPU = Release|Any CPU
	EndGlobalSection
	GlobalSection(ProjectConfigurationPlatforms) = postSolution
		{B5AFDCEA-BFF7-4608-A387-31EFD4F7797E}.Debug|Any CPU.ActiveCfg = Debug|Any CPU
		{B5AFDCEA-BFF7-4608-A387-31EFD4F7797E}.Debug|Any CPU.Build.0 = Debug|Any CPU
		{B5AFDCEA-BFF7-4608-A387-31EFD4F7797E}.Release|Any CPU.ActiveCfg = Release|Any CPU
		{B5AFDCEA-BFF7-4608-A387-31EFD4F7797E}.Release|Any CPU.Build.0 = Release|Any CPU
	EndGlobalSection
	GlobalSection(SolutionProperties) = preSolution
		HideSolutionNode = FALSE
	EndGlobalSection
	GlobalSection(ExtensibilityGlobals) = postSolution
		SolutionGuid = {54F51D03-1535-4BFC-9CF3-05970A58020E}
	EndGlobalSection
EndGlobal
